
Microsoft Visual Studio Solution File, Format Version 12.00
# Visual Studio 2013
VisualStudioVersion = 12.0.40629.0
MinimumVisualStudioVersion = 10.0.40219.1
Project("{FAE04EC0-301F-11D3-BF4B-00C04F79EFBC}") = "trath-webapp", "trath-webapp\trath-webapp.csproj", "{10509C0E-9054-4E2F-B765-8F0B7FEA1D2C}"
	ProjectSection(ProjectDependencies) = postProject
		{48BBAD77-A67E-47CE-B668-8565B6757826} = {48BBAD77-A67E-47CE-B668-8565B6757826}
	EndProjectSection
EndProject
Project("{FAE04EC0-301F-11D3-BF4B-00C04F79EFBC}") = "trath-wcfsl", "trath-wcfsl\trath-wcfsl.csproj", "{48BBAD77-A67E-47CE-B668-8565B6757826}"
EndProject
Global
	GlobalSection(SolutionConfigurationPlatforms) = preSolution
		Debug|Any CPU = Debug|Any CPU
		Release|Any CPU = Release|Any CPU
	EndGlobalSection
	GlobalSection(ProjectConfigurationPlatforms) = postSolution
		{10509C0E-9054-4E2F-B765-8F0B7FEA1D2C}.Debug|Any CPU.ActiveCfg = Debug|Any CPU
		{10509C0E-9054-4E2F-B765-8F0B7FEA1D2C}.Debug|Any CPU.Build.0 = Debug|Any CPU
		{10509C0E-9054-4E2F-B765-8F0B7FEA1D2C}.Release|Any CPU.ActiveCfg = Release|Any CPU
		{10509C0E-9054-4E2F-B765-8F0B7FEA1D2C}.Release|Any CPU.Build.0 = Release|Any CPU
		{48BBAD77-A67E-47CE-B668-8565B6757826}.Debug|Any CPU.ActiveCfg = Debug|Any CPU
		{48BBAD77-A67E-47CE-B668-8565B6757826}.Debug|Any CPU.Build.0 = Debug|Any CPU
		{48BBAD77-A67E-47CE-B668-8565B6757826}.Debug|Any CPU.Deploy.0 = Debug|Any CPU
		{48BBAD77-A67E-47CE-B668-8565B6757826}.Release|Any CPU.ActiveCfg = Release|Any CPU
		{48BBAD77-A67E-47CE-B668-8565B6757826}.Release|Any CPU.Build.0 = Release|Any CPU
	EndGlobalSection
	GlobalSection(SolutionProperties) = preSolution
		HideSolutionNode = FALSE
	EndGlobalSection
EndGlobal
